
Microsoft Visual Studio Solution File, Format Version 12.00
# Visual Studio Version 16
VisualStudioVersion = 16.0.30011.22
MinimumVisualStudioVersion = 10.0.40219.1
Project("{FAE04EC0-301F-11D3-BF4B-00C04F79EFBC}") = "trianglearea", "trianglearea.csproj", "{581F5624-73FD-4719-A9D0-AFB6A023A9B0}"
EndProject
Global
	GlobalSection(SolutionConfigurationPlatforms) = preSolution
		Debug|Any CPU = Debug|Any CPU
		Release|Any CPU = Release|Any CPU
	EndGlobalSection
	GlobalSection(ProjectConfigurationPlatforms) = postSolution
		{581F5624-73FD-4719-A9D0-AFB6A023A9B0}.Debug|Any CPU.ActiveCfg = Debug|Any CPU
		{581F5624-73FD-4719-A9D0-AFB6A023A9B0}.Debug|Any CPU.Build.0 = Debug|Any CPU
		{581F5624-73FD-4719-A9D0-AFB6A023A9B0}.Release|Any CPU.ActiveCfg = Release|Any CPU
		{581F5624-73FD-4719-A9D0-AFB6A023A9B0}.Release|Any CPU.Build.0 = Release|Any CPU
	EndGlobalSection
	GlobalSection(SolutionProperties) = preSolution
		HideSolutionNode = FALSE
	EndGlobalSection
	GlobalSection(ExtensibilityGlobals) = postSolution
		SolutionGuid = {3B356961-0835-422B-BF6F-EA2382456FDD}
	EndGlobalSection
EndGlobal
